// !$*UTF8*$!
{
	archiveVersion = 1;
	classes = {
	};
	objectVersion = 56;
	objects = {

/* Begin PBXBuildFile section */
		57469DF92939C975006B1D42 /* SompoWifiiTestApp.swift in Sources */ = {isa = PBXBuildFile; fileRef = 57469DF82939C975006B1D42 /* SompoWifiiTestApp.swift */; };
		57469DFD2939C976006B1D42 /* Assets.xcassets in Resources */ = {isa = PBXBuildFile; fileRef = 57469DFC2939C976006B1D42 /* Assets.xcassets */; };
		57469E002939C976006B1D42 /* Preview Assets.xcassets in Resources */ = {isa = PBXBuildFile; fileRef = 57469DFF2939C976006B1D42 /* Preview Assets.xcassets */; };
		57469E082939CEF7006B1D42 /* DependencyInjector.swift in Sources */ = {isa = PBXBuildFile; fileRef = 57469E072939CEF7006B1D42 /* DependencyInjector.swift */; };
		57469E0C2939CF80006B1D42 /* ConnectionsRepository.swift in Sources */ = {isa = PBXBuildFile; fileRef = 57469E0B2939CF80006B1D42 /* ConnectionsRepository.swift */; };
		57469E0E2939CF97006B1D42 /* WifiRepository.swift in Sources */ = {isa = PBXBuildFile; fileRef = 57469E0D2939CF97006B1D42 /* WifiRepository.swift */; };
		57469E102939CFB5006B1D42 /* RepositoryConteiner.swift in Sources */ = {isa = PBXBuildFile; fileRef = 57469E0F2939CFB5006B1D42 /* RepositoryConteiner.swift */; };
		57469E122939D022006B1D42 /* AppEnvironment.swift in Sources */ = {isa = PBXBuildFile; fileRef = 57469E112939D022006B1D42 /* AppEnvironment.swift */; };
		57469E172939D079006B1D42 /* MainScreen.swift in Sources */ = {isa = PBXBuildFile; fileRef = 57469E162939D079006B1D42 /* MainScreen.swift */; };
		57469E192939D084006B1D42 /* MainViewModel.swift in Sources */ = {isa = PBXBuildFile; fileRef = 57469E182939D084006B1D42 /* MainViewModel.swift */; };
		57469E1D2939D190006B1D42 /* RegisterScreen.swift in Sources */ = {isa = PBXBuildFile; fileRef = 57469E1C2939D190006B1D42 /* RegisterScreen.swift */; };
		57469E1F2939D19C006B1D42 /* RegisterViewModel.swift in Sources */ = {isa = PBXBuildFile; fileRef = 57469E1E2939D19C006B1D42 /* RegisterViewModel.swift */; };
		57E2C7332940B271004A5761 /* DeviceModel.swift in Sources */ = {isa = PBXBuildFile; fileRef = 57E2C7322940B271004A5761 /* DeviceModel.swift */; };
		57E2C7362940D98A004A5761 /* AppAlert.swift in Sources */ = {isa = PBXBuildFile; fileRef = 57E2C7352940D98A004A5761 /* AppAlert.swift */; };
		57E2C7382940D9C5004A5761 /* AppAlertModel.swift in Sources */ = {isa = PBXBuildFile; fileRef = 57E2C7372940D9C5004A5761 /* AppAlertModel.swift */; };
		57E2C73B2940DA4A004A5761 /* BaseViewModel.swift in Sources */ = {isa = PBXBuildFile; fileRef = 57E2C73A2940DA4A004A5761 /* BaseViewModel.swift */; };
		57E2C73D2940DC9D004A5761 /* Loader.swift in Sources */ = {isa = PBXBuildFile; fileRef = 57E2C73C2940DC9D004A5761 /* Loader.swift */; };
/* End PBXBuildFile section */

/* Begin PBXFileReference section */
		57469DF52939C975006B1D42 /* SompoWifiiTest.app */ = {isa = PBXFileReference; explicitFileType = wrapper.application; includeInIndex = 0; path = SompoWifiiTest.app; sourceTree = BUILT_PRODUCTS_DIR; };
		57469DF82939C975006B1D42 /* SompoWifiiTestApp.swift */ = {isa = PBXFileReference; lastKnownFileType = sourcecode.swift; path = SompoWifiiTestApp.swift; sourceTree = "<group>"; };
		57469DFC2939C976006B1D42 /* Assets.xcassets */ = {isa = PBXFileReference; lastKnownFileType = folder.assetcatalog; path = Assets.xcassets; sourceTree = "<group>"; };
		57469DFF2939C976006B1D42 /* Preview Assets.xcassets */ = {isa = PBXFileReference; lastKnownFileType = folder.assetcatalog; path = "Preview Assets.xcassets"; sourceTree = "<group>"; };
		57469E072939CEF7006B1D42 /* DependencyInjector.swift */ = {isa = PBXFileReference; lastKnownFileType = sourcecode.swift; path = DependencyInjector.swift; sourceTree = "<group>"; };
		57469E0B2939CF80006B1D42 /* ConnectionsRepository.swift */ = {isa = PBXFileReference; lastKnownFileType = sourcecode.swift; path = ConnectionsRepository.swift; sourceTree = "<group>"; };
		57469E0D2939CF97006B1D42 /* WifiRepository.swift */ = {isa = PBXFileReference; lastKnownFileType = sourcecode.swift; path = WifiRepository.swift; sourceTree = "<group>"; };
		57469E0F2939CFB5006B1D42 /* RepositoryConteiner.swift */ = {isa = PBXFileReference; lastKnownFileType = sourcecode.swift; path = RepositoryConteiner.swift; sourceTree = "<group>"; };
		57469E112939D022006B1D42 /* AppEnvironment.swift */ = {isa = PBXFileReference; lastKnownFileType = sourcecode.swift; path = AppEnvironment.swift; sourceTree = "<group>"; };
		57469E162939D079006B1D42 /* MainScreen.swift */ = {isa = PBXFileReference; lastKnownFileType = sourcecode.swift; path = MainScreen.swift; sourceTree = "<group>"; };
		57469E182939D084006B1D42 /* MainViewModel.swift */ = {isa = PBXFileReference; lastKnownFileType = sourcecode.swift; path = MainViewModel.swift; sourceTree = "<group>"; };
		57469E1C2939D190006B1D42 /* RegisterScreen.swift */ = {isa = PBXFileReference; lastKnownFileType = sourcecode.swift; path = RegisterScreen.swift; sourceTree = "<group>"; };
		57469E1E2939D19C006B1D42 /* RegisterViewModel.swift */ = {isa = PBXFileReference; lastKnownFileType = sourcecode.swift; path = RegisterViewModel.swift; sourceTree = "<group>"; };
		57D1384B29420ACF001A78DF /* SompoWifiiTest.entitlements */ = {isa = PBXFileReference; lastKnownFileType = text.plist.entitlements; path = SompoWifiiTest.entitlements; sourceTree = "<group>"; };
		57E2C7322940B271004A5761 /* DeviceModel.swift */ = {isa = PBXFileReference; lastKnownFileType = sourcecode.swift; path = DeviceModel.swift; sourceTree = "<group>"; };
		57E2C7352940D98A004A5761 /* AppAlert.swift */ = {isa = PBXFileReference; lastKnownFileType = sourcecode.swift; path = AppAlert.swift; sourceTree = "<group>"; };
		57E2C7372940D9C5004A5761 /* AppAlertModel.swift */ = {isa = PBXFileReference; lastKnownFileType = sourcecode.swift; path = AppAlertModel.swift; sourceTree = "<group>"; };
		57E2C73A2940DA4A004A5761 /* BaseViewModel.swift */ = {isa = PBXFileReference; lastKnownFileType = sourcecode.swift; path = BaseViewModel.swift; sourceTree = "<group>"; };
		57E2C73C2940DC9D004A5761 /* Loader.swift */ = {isa = PBXFileReference; lastKnownFileType = sourcecode.swift; path = Loader.swift; sourceTree = "<group>"; };
/* End PBXFileReference section */

/* Begin PBXFrameworksBuildPhase section */
		57469DF22939C975006B1D42 /* Frameworks */ = {
			isa = PBXFrameworksBuildPhase;
			buildActionMask = 2147483647;
			files = (
			);
			runOnlyForDeploymentPostprocessing = 0;
		};
/* End PBXFrameworksBuildPhase section */

/* Begin PBXGroup section */
		57469DEC2939C975006B1D42 = {
			isa = PBXGroup;
			children = (
				57469DF72939C975006B1D42 /* SompoWifiiTest */,
				57469DF62939C975006B1D42 /* Products */,
			);
			sourceTree = "<group>";
		};
		57469DF62939C975006B1D42 /* Products */ = {
			isa = PBXGroup;
			children = (
				57469DF52939C975006B1D42 /* SompoWifiiTest.app */,
			);
			name = Products;
			sourceTree = "<group>";
		};
		57469DF72939C975006B1D42 /* SompoWifiiTest */ = {
			isa = PBXGroup;
			children = (
				57D1384B29420ACF001A78DF /* SompoWifiiTest.entitlements */,
				57E2C7392940DA3C004A5761 /* Base */,
				57469E092939CF20006B1D42 /* Data */,
				57469E062939CEBB006B1D42 /* Injection */,
				57469E132939D035006B1D42 /* UI */,
				57469DF82939C975006B1D42 /* SompoWifiiTestApp.swift */,
				57469E112939D022006B1D42 /* AppEnvironment.swift */,
				57469DFC2939C976006B1D42 /* Assets.xcassets */,
				57469DFE2939C976006B1D42 /* Preview Content */,
			);
			path = SompoWifiiTest;
			sourceTree = "<group>";
		};
		57469DFE2939C976006B1D42 /* Preview Content */ = {
			isa = PBXGroup;
			children = (
				57469DFF2939C976006B1D42 /* Preview Assets.xcassets */,
			);
			path = "Preview Content";
			sourceTree = "<group>";
		};
		57469E062939CEBB006B1D42 /* Injection */ = {
			isa = PBXGroup;
			children = (
				57469E072939CEF7006B1D42 /* DependencyInjector.swift */,
				57469E0F2939CFB5006B1D42 /* RepositoryConteiner.swift */,
			);
			path = Injection;
			sourceTree = "<group>";
		};
		57469E092939CF20006B1D42 /* Data */ = {
			isa = PBXGroup;
			children = (
				57E2C7312940B24D004A5761 /* Models */,
				57469E0A2939CF38006B1D42 /* Repositories */,
			);
			path = Data;
			sourceTree = "<group>";
		};
		57469E0A2939CF38006B1D42 /* Repositories */ = {
			isa = PBXGroup;
			children = (
				57469E0B2939CF80006B1D42 /* ConnectionsRepository.swift */,
				57469E0D2939CF97006B1D42 /* WifiRepository.swift */,
			);
			path = Repositories;
			sourceTree = "<group>";
		};
		57469E132939D035006B1D42 /* UI */ = {
			isa = PBXGroup;
			children = (
				57E2C7342940D97F004A5761 /* Components */,
				57469E142939D046006B1D42 /* Screens */,
			);
			path = UI;
			sourceTree = "<group>";
		};
		57469E142939D046006B1D42 /* Screens */ = {
			isa = PBXGroup;
			children = (
				57469E1A2939D096006B1D42 /* Register */,
				57469E152939D05B006B1D42 /* Main */,
			);
			path = Screens;
			sourceTree = "<group>";
		};
		57469E152939D05B006B1D42 /* Main */ = {
			isa = PBXGroup;
			children = (
				57469E162939D079006B1D42 /* MainScreen.swift */,
				57469E182939D084006B1D42 /* MainViewModel.swift */,
			);
			path = Main;
			sourceTree = "<group>";
		};
		57469E1A2939D096006B1D42 /* Register */ = {
			isa = PBXGroup;
			children = (
				57469E1C2939D190006B1D42 /* RegisterScreen.swift */,
				57469E1E2939D19C006B1D42 /* RegisterViewModel.swift */,
			);
			path = Register;
			sourceTree = "<group>";
		};
		57E2C7312940B24D004A5761 /* Models */ = {
			isa = PBXGroup;
			children = (
				57E2C7322940B271004A5761 /* DeviceModel.swift */,
				57E2C7372940D9C5004A5761 /* AppAlertModel.swift */,
			);
			path = Models;
			sourceTree = "<group>";
		};
		57E2C7342940D97F004A5761 /* Components */ = {
			isa = PBXGroup;
			children = (
				57E2C7352940D98A004A5761 /* AppAlert.swift */,
				57E2C73C2940DC9D004A5761 /* Loader.swift */,
			);
			path = Components;
			sourceTree = "<group>";
		};
		57E2C7392940DA3C004A5761 /* Base */ = {
			isa = PBXGroup;
			children = (
				57E2C73A2940DA4A004A5761 /* BaseViewModel.swift */,
			);
			path = Base;
			sourceTree = "<group>";
		};
/* End PBXGroup section */

/* Begin PBXNativeTarget section */
		57469DF42939C975006B1D42 /* SompoWifiiTest */ = {
			isa = PBXNativeTarget;
			buildConfigurationList = 57469E032939C976006B1D42 /* Build configuration list for PBXNativeTarget "SompoWifiiTest" */;
			buildPhases = (
				57469DF12939C975006B1D42 /* Sources */,
				57469DF22939C975006B1D42 /* Frameworks */,
				57469DF32939C975006B1D42 /* Resources */,
			);
			buildRules = (
			);
			dependencies = (
			);
			name = SompoWifiiTest;
			productName = SompoWifiiTest;
			productReference = 57469DF52939C975006B1D42 /* SompoWifiiTest.app */;
			productType = "com.apple.product-type.application";
		};
/* End PBXNativeTarget section */

/* Begin PBXProject section */
		57469DED2939C975006B1D42 /* Project object */ = {
			isa = PBXProject;
			attributes = {
				BuildIndependentTargetsInParallel = 1;
				LastSwiftUpdateCheck = 1410;
				LastUpgradeCheck = 1410;
				TargetAttributes = {
					57469DF42939C975006B1D42 = {
						CreatedOnToolsVersion = 14.1;
					};
				};
			};
			buildConfigurationList = 57469DF02939C975006B1D42 /* Build configuration list for PBXProject "SompoWifiiTest" */;
			compatibilityVersion = "Xcode 14.0";
			developmentRegion = en;
			hasScannedForEncodings = 0;
			knownRegions = (
				en,
				Base,
			);
			mainGroup = 57469DEC2939C975006B1D42;
			productRefGroup = 57469DF62939C975006B1D42 /* Products */;
			projectDirPath = "";
			projectRoot = "";
			targets = (
				57469DF42939C975006B1D42 /* SompoWifiiTest */,
			);
		};
/* End PBXProject section */

/* Begin PBXResourcesBuildPhase section */
		57469DF32939C975006B1D42 /* Resources */ = {
			isa = PBXResourcesBuildPhase;
			buildActionMask = 2147483647;
			files = (
				57469E002939C976006B1D42 /* Preview Assets.xcassets in Resources */,
				57469DFD2939C976006B1D42 /* Assets.xcassets in Resources */,
			);
			runOnlyForDeploymentPostprocessing = 0;
		};
/* End PBXResourcesBuildPhase section */

/* Begin PBXSourcesBuildPhase section */
		57469DF12939C975006B1D42 /* Sources */ = {
			isa = PBXSourcesBuildPhase;
			buildActionMask = 2147483647;
			files = (
				57469E1D2939D190006B1D42 /* RegisterScreen.swift in Sources */,
				57469E172939D079006B1D42 /* MainScreen.swift in Sources */,
				57E2C7362940D98A004A5761 /* AppAlert.swift in Sources */,
				57E2C73B2940DA4A004A5761 /* BaseViewModel.swift in Sources */,
				57469E122939D022006B1D42 /* AppEnvironment.swift in Sources */,
				57469E0E2939CF97006B1D42 /* WifiRepository.swift in Sources */,
				57469E1F2939D19C006B1D42 /* RegisterViewModel.swift in Sources */,
				57469E082939CEF7006B1D42 /* DependencyInjector.swift in Sources */,
				57E2C7382940D9C5004A5761 /* AppAlertModel.swift in Sources */,
				57469E102939CFB5006B1D42 /* RepositoryConteiner.swift in Sources */,
				57469E0C2939CF80006B1D42 /* ConnectionsRepository.swift in Sources */,
				57E2C7332940B271004A5761 /* DeviceModel.swift in Sources */,
				57469DF92939C975006B1D42 /* SompoWifiiTestApp.swift in Sources */,
				57469E192939D084006B1D42 /* MainViewModel.swift in Sources */,
				57E2C73D2940DC9D004A5761 /* Loader.swift in Sources */,
			);
			runOnlyForDeploymentPostprocessing = 0;
		};
/* End PBXSourcesBuildPhase section */

/* Begin XCBuildConfiguration section */
		57469E012939C976006B1D42 /* Debug */ = {
			isa = XCBuildConfiguration;
			buildSettings = {
				ALWAYS_SEARCH_USER_PATHS = NO;
				CLANG_ANALYZER_NONNULL = YES;
				CLANG_ANALYZER_NUMBER_OBJECT_CONVERSION = YES_AGGRESSIVE;
				CLANG_CXX_LANGUAGE_STANDARD = "gnu++20";
				CLANG_ENABLE_MODULES = YES;
				CLANG_ENABLE_OBJC_ARC = YES;
				CLANG_ENABLE_OBJC_WEAK = YES;
				CLANG_WARN_BLOCK_CAPTURE_AUTORELEASING = YES;
				CLANG_WARN_BOOL_CONVERSION = YES;
				CLANG_WARN_COMMA = YES;
				CLANG_WARN_CONSTANT_CONVERSION = YES;
				CLANG_WARN_DEPRECATED_OBJC_IMPLEMENTATIONS = YES;
				CLANG_WARN_DIRECT_OBJC_ISA_USAGE = YES_ERROR;
				CLANG_WARN_DOCUMENTATION_COMMENTS = YES;
				CLANG_WARN_EMPTY_BODY = YES;
				CLANG_WARN_ENUM_CONVERSION = YES;
				CLANG_WARN_INFINITE_RECURSION = YES;
				CLANG_WARN_INT_CONVERSION = YES;
				CLANG_WARN_NON_LITERAL_NULL_CONVERSION = YES;
				CLANG_WARN_OBJC_IMPLICIT_RETAIN_SELF = YES;
				CLANG_WARN_OBJC_LITERAL_CONVERSION = YES;
				CLANG_WARN_OBJC_ROOT_CLASS = YES_ERROR;
				CLANG_WARN_QUOTED_INCLUDE_IN_FRAMEWORK_HEADER = YES;
				CLANG_WARN_RANGE_LOOP_ANALYSIS = YES;
				CLANG_WARN_STRICT_PROTOTYPES = YES;
				CLANG_WARN_SUSPICIOUS_MOVE = YES;
				CLANG_WARN_UNGUARDED_AVAILABILITY = YES_AGGRESSIVE;
				CLANG_WARN_UNREACHABLE_CODE = YES;
				CLANG_WARN__DUPLICATE_METHOD_MATCH = YES;
				COPY_PHASE_STRIP = NO;
				DEBUG_INFORMATION_FORMAT = dwarf;
				ENABLE_STRICT_OBJC_MSGSEND = YES;
				ENABLE_TESTABILITY = YES;
				GCC_C_LANGUAGE_STANDARD = gnu11;
				GCC_DYNAMIC_NO_PIC = NO;
				GCC_NO_COMMON_BLOCKS = YES;
				GCC_OPTIMIZATION_LEVEL = 0;
				GCC_PREPROCESSOR_DEFINITIONS = (
					"DEBUG=1",
					"$(inherited)",
				);
				GCC_WARN_64_TO_32_BIT_CONVERSION = YES;
				GCC_WARN_ABOUT_RETURN_TYPE = YES_ERROR;
				GCC_WARN_UNDECLARED_SELECTOR = YES;
				GCC_WARN_UNINITIALIZED_AUTOS = YES_AGGRESSIVE;
				GCC_WARN_UNUSED_FUNCTION = YES;
				GCC_WARN_UNUSED_VARIABLE = YES;
				IPHONEOS_DEPLOYMENT_TARGET = 16.1;
				MTL_ENABLE_DEBUG_INFO = INCLUDE_SOURCE;
				MTL_FAST_MATH = YES;
				ONLY_ACTIVE_ARCH = YES;
				SDKROOT = iphoneos;
				SWIFT_ACTIVE_COMPILATION_CONDITIONS = DEBUG;
				SWIFT_OPTIMIZATION_LEVEL = "-Onone";
			};
			name = Debug;
		};
		57469E022939C976006B1D42 /* Release */ = {
			isa = XCBuildConfiguration;
			buildSettings = {
				ALWAYS_SEARCH_USER_PATHS = NO;
				CLANG_ANALYZER_NONNULL = YES;
				CLANG_ANALYZER_NUMBER_OBJECT_CONVERSION = YES_AGGRESSIVE;
				CLANG_CXX_LANGUAGE_STANDARD = "gnu++20";
				CLANG_ENABLE_MODULES = YES;
				CLANG_ENABLE_OBJC_ARC = YES;
				CLANG_ENABLE_OBJC_WEAK = YES;
				CLANG_WARN_BLOCK_CAPTURE_AUTORELEASING = YES;
				CLANG_WARN_BOOL_CONVERSION = YES;
				CLANG_WARN_COMMA = YES;
				CLANG_WARN_CONSTANT_CONVERSION = YES;
				CLANG_WARN_DEPRECATED_OBJC_IMPLEMENTATIONS = YES;
				CLANG_WARN_DIRECT_OBJC_ISA_USAGE = YES_ERROR;
				CLANG_WARN_DOCUMENTATION_COMMENTS = YES;
				CLANG_WARN_EMPTY_BODY = YES;
				CLANG_WARN_ENUM_CONVERSION = YES;
				CLANG_WARN_INFINITE_RECURSION = YES;
				CLANG_WARN_INT_CONVERSION = YES;
				CLANG_WARN_NON_LITERAL_NULL_CONVERSION = YES;
				CLANG_WARN_OBJC_IMPLICIT_RETAIN_SELF = YES;
				CLANG_WARN_OBJC_LITERAL_CONVERSION = YES;
				CLANG_WARN_OBJC_ROOT_CLASS = YES_ERROR;
				CLANG_WARN_QUOTED_INCLUDE_IN_FRAMEWORK_HEADER = YES;
				CLANG_WARN_RANGE_LOOP_ANALYSIS = YES;
				CLANG_WARN_STRICT_PROTOTYPES = YES;
				CLANG_WARN_SUSPICIOUS_MOVE = YES;
				CLANG_WARN_UNGUARDED_AVAILABILITY = YES_AGGRESSIVE;
				CLANG_WARN_UNREACHABLE_CODE = YES;
				CLANG_WARN__DUPLICATE_METHOD_MATCH = YES;
				COPY_PHASE_STRIP = NO;
				DEBUG_INFORMATION_FORMAT = "dwarf-with-dsym";
				ENABLE_NS_ASSERTIONS = NO;
				ENABLE_STRICT_OBJC_MSGSEND = YES;
				GCC_C_LANGUAGE_STANDARD = gnu11;
				GCC_NO_COMMON_BLOCKS = YES;
				GCC_WARN_64_TO_32_BIT_CONVERSION = YES;
				GCC_WARN_ABOUT_RETURN_TYPE = YES_ERROR;
				GCC_WARN_UNDECLARED_SELECTOR = YES;
				GCC_WARN_UNINITIALIZED_AUTOS = YES_AGGRESSIVE;
				GCC_WARN_UNUSED_FUNCTION = YES;
				GCC_WARN_UNUSED_VARIABLE = YES;
				IPHONEOS_DEPLOYMENT_TARGET = 16.1;
				MTL_ENABLE_DEBUG_INFO = NO;
				MTL_FAST_MATH = YES;
				SDKROOT = iphoneos;
				SWIFT_COMPILATION_MODE = wholemodule;
				SWIFT_OPTIMIZATION_LEVEL = "-O";
				VALIDATE_PRODUCT = YES;
			};
			name = Release;
		};
		57469E042939C976006B1D42 /* Debug */ = {
			isa = XCBuildConfiguration;
			buildSettings = {
				ASSETCATALOG_COMPILER_APPICON_NAME = AppIcon;
				ASSETCATALOG_COMPILER_GLOBAL_ACCENT_COLOR_NAME = AccentColor;
				CODE_SIGN_ENTITLEMENTS = SompoWifiiTest/SompoWifiiTest.entitlements;
				"CODE_SIGN_IDENTITY[sdk=iphoneos*]" = "iPhone Developer";
				CODE_SIGN_STYLE = Manual;
				CURRENT_PROJECT_VERSION = 1;
				DEVELOPMENT_ASSET_PATHS = "\"SompoWifiiTest/Preview Content\"";
				DEVELOPMENT_TEAM = "";
				"DEVELOPMENT_TEAM[sdk=iphoneos*]" = QLRCSYPECS;
				ENABLE_PREVIEWS = YES;
				GENERATE_INFOPLIST_FILE = YES;
				INFOPLIST_KEY_UIApplicationSceneManifest_Generation = YES;
				INFOPLIST_KEY_UIApplicationSupportsIndirectInputEvents = YES;
				INFOPLIST_KEY_UILaunchScreen_Generation = YES;
				INFOPLIST_KEY_UISupportedInterfaceOrientations_iPad = "UIInterfaceOrientationPortrait UIInterfaceOrientationPortraitUpsideDown UIInterfaceOrientationLandscapeLeft UIInterfaceOrientationLandscapeRight";
				INFOPLIST_KEY_UISupportedInterfaceOrientations_iPhone = "UIInterfaceOrientationPortrait UIInterfaceOrientationLandscapeLeft UIInterfaceOrientationLandscapeRight";
				IPHONEOS_DEPLOYMENT_TARGET = 15.0;
				LD_RUNPATH_SEARCH_PATHS = (
					"$(inherited)",
					"@executable_path/Frameworks",
				);
				MARKETING_VERSION = 1.0;
				PRODUCT_BUNDLE_IDENTIFIER = "jp.co.sompo-japan.driving.stg";
				PRODUCT_NAME = "$(TARGET_NAME)";
				PROVISIONING_PROFILE_SPECIFIER = "";
				"PROVISIONING_PROFILE_SPECIFIER[sdk=iphoneos*]" = "Driving Development Stg";
				SWIFT_EMIT_LOC_STRINGS = YES;
				SWIFT_VERSION = 5.0;
				TARGETED_DEVICE_FAMILY = "1,2";
			};
			name = Debug;
		};
		57469E052939C976006B1D42 /* Release */ = {
			isa = XCBuildConfiguration;
			buildSettings = {
				ASSETCATALOG_COMPILER_APPICON_NAME = AppIcon;
				ASSETCATALOG_COMPILER_GLOBAL_ACCENT_COLOR_NAME = AccentColor;
				CODE_SIGN_ENTITLEMENTS = SompoWifiiTest/SompoWifiiTest.entitlements;
				"CODE_SIGN_IDENTITY[sdk=iphoneos*]" = "iPhone Developer";
				CODE_SIGN_STYLE = Manual;
				CURRENT_PROJECT_VERSION = 1;
				DEVELOPMENT_ASSET_PATHS = "\"SompoWifiiTest/Preview Content\"";
				DEVELOPMENT_TEAM = "";
				"DEVELOPMENT_TEAM[sdk=iphoneos*]" = QLRCSYPECS;
				ENABLE_PREVIEWS = YES;
				GENERATE_INFOPLIST_FILE = YES;
				INFOPLIST_KEY_UIApplicationSceneManifest_Generation = YES;
				INFOPLIST_KEY_UIApplicationSupportsIndirectInputEvents = YES;
				INFOPLIST_KEY_UILaunchScreen_Generation = YES;
				INFOPLIST_KEY_UISupportedInterfaceOrientations_iPad = "UIInterfaceOrientationPortrait UIInterfaceOrientationPortraitUpsideDown UIInterfaceOrientationLandscapeLeft UIInterfaceOrientationLandscapeRight";
				INFOPLIST_KEY_UISupportedInterfaceOrientations_iPhone = "UIInterfaceOrientationPortrait UIInterfaceOrientationLandscapeLeft UIInterfaceOrientationLandscapeRight";
				IPHONEOS_DEPLOYMENT_TARGET = 15.0;
				LD_RUNPATH_SEARCH_PATHS = (
					"$(inherited)",
					"@executable_path/Frameworks",
				);
				MARKETING_VERSION = 1.0;
				PRODUCT_BUNDLE_IDENTIFIER = "jp.co.sompo-japan.driving.stg";
				PRODUCT_NAME = "$(TARGET_NAME)";
				PROVISIONING_PROFILE_SPECIFIER = "";
				"PROVISIONING_PROFILE_SPECIFIER[sdk=iphoneos*]" = "Driving Development Stg";
				SWIFT_EMIT_LOC_STRINGS = YES;
				SWIFT_VERSION = 5.0;
				TARGETED_DEVICE_FAMILY = "1,2";
			};
			name = Release;
		};
/* End XCBuildConfiguration section */

/* Begin XCConfigurationList section */
		57469DF02939C975006B1D42 /* Build configuration list for PBXProject "SompoWifiiTest" */ = {
			isa = XCConfigurationList;
			buildConfigurations = (
				57469E012939C976006B1D42 /* Debug */,
				57469E022939C976006B1D42 /* Release */,
			);
			defaultConfigurationIsVisible = 0;
			defaultConfigurationName = Release;
		};
		57469E032939C976006B1D42 /* Build configuration list for PBXNativeTarget "SompoWifiiTest" */ = {
			isa = XCConfigurationList;
			buildConfigurations = (
				57469E042939C976006B1D42 /* Debug */,
				57469E052939C976006B1D42 /* Release */,
			);
			defaultConfigurationIsVisible = 0;
			defaultConfigurationName = Release;
		};
/* End XCConfigurationList section */
	};
	rootObject = 57469DED2939C975006B1D42 /* Project object */;
}
